Microsoft Visual Studio Solution File, Format Version 11.00
# Visual Studio 2008

Project("{06AE1E92-E14E-83F7-D584-E4BBF31C58C8}") = "unityStudy", "Assembly-CSharp.csproj", "{30DF210D-96F6-30AE-7168-025B16B2E980}"
EndProject
Global
	GlobalSection(SolutionConfigurationPlatforms) = preSolution
		Debug|Any CPU = Debug|Any CPU
		Release|Any CPU = Release|Any CPU
	EndGlobalSection
	GlobalSection(ProjectConfigurationPlatforms) = postSolution
		{30DF210D-96F6-30AE-7168-025B16B2E980}.Debug|Any CPU.ActiveCfg = Debug|Any CPU
		{30DF210D-96F6-30AE-7168-025B16B2E980}.Debug|Any CPU.Build.0 = Debug|Any CPU
		{30DF210D-96F6-30AE-7168-025B16B2E980}.Release|Any CPU.ActiveCfg = Release|Any CPU
		{30DF210D-96F6-30AE-7168-025B16B2E980}.Release|Any CPU.Build.0 = Release|Any CPU
	EndGlobalSection
	GlobalSection(SolutionProperties) = preSolution
		HideSolutionNode = FALSE
	EndGlobalSection
	GlobalSection(MonoDevelopProperties) = preSolution
		StartupItem = Assembly-CSharp.csproj
	EndGlobalSection
EndGlobal
